
Microsoft Visual Studio Solution File, Format Version 12.00
# Visual Studio 15
VisualStudioVersion = 15.0.27703.2035
MinimumVisualStudioVersion = 10.0.40219.1
Project("{8BC9CEB8-8B4A-11D0-8D11-00A0C91BC942}") = "ORADAD", "ORADAD.vcxproj", "{81A611C5-6450-4A60-B6FD-8B4031B44E6E}"
EndProject
Project("{8BC9CEB8-8B4A-11D0-8D11-00A0C91BC942}") = "ORADAD_Extract", "ORADAD_Extract.vcxproj", "{A70995A8-EE9B-4F11-BE50-DF86C4CF6040}"
EndProject
Global
	GlobalSection(SolutionConfigurationPlatforms) = preSolution
		Debug|x64 = Debug|x64
		Debug|x86 = Debug|x86
		Release|x64 = Release|x64
		Release|x86 = Release|x86
	EndGlobalSection
	GlobalSection(ProjectConfigurationPlatforms) = postSolution
		{81A611C5-6450-4A60-B6FD-8B4031B44E6E}.Debug|x64.ActiveCfg = Debug|x64
		{81A611C5-6450-4A60-B6FD-8B4031B44E6E}.Debug|x64.Build.0 = Debug|x64
		{81A611C5-6450-4A60-B6FD-8B4031B44E6E}.Debug|x86.ActiveCfg = Debug|Win32
		{81A611C5-6450-4A60-B6FD-8B4031B44E6E}.Debug|x86.Build.0 = Debug|Win32
		{81A611C5-6450-4A60-B6FD-8B4031B44E6E}.Release|x64.ActiveCfg = Release|x64
		{81A611C5-6450-4A60-B6FD-8B4031B44E6E}.Release|x64.Build.0 = Release|x64
		{81A611C5-6450-4A60-B6FD-8B4031B44E6E}.Release|x86.ActiveCfg = Release|Win32
		{81A611C5-6450-4A60-B6FD-8B4031B44E6E}.Release|x86.Build.0 = Release|Win32
		{A70995A8-EE9B-4F11-BE50-DF86C4CF6040}.Debug|x64.ActiveCfg = Debug|x64
		{A70995A8-EE9B-4F11-BE50-DF86C4CF6040}.Debug|x64.Build.0 = Debug|x64
		{A70995A8-EE9B-4F11-BE50-DF86C4CF6040}.Debug|x86.ActiveCfg = Debug|Win32
		{A70995A8-EE9B-4F11-BE50-DF86C4CF6040}.Debug|x86.Build.0 = Debug|Win32
		{A70995A8-EE9B-4F11-BE50-DF86C4CF6040}.Release|x64.ActiveCfg = Release|x64
		{A70995A8-EE9B-4F11-BE50-DF86C4CF6040}.Release|x64.Build.0 = Release|x64
		{A70995A8-EE9B-4F11-BE50-DF86C4CF6040}.Release|x86.ActiveCfg = Release|Win32
		{A70995A8-EE9B-4F11-BE50-DF86C4CF6040}.Release|x86.Build.0 = Release|Win32
	EndGlobalSection
	GlobalSection(SolutionProperties) = preSolution
		HideSolutionNode = FALSE
	EndGlobalSection
	GlobalSection(ExtensibilityGlobals) = postSolution
		SolutionGuid = {A1F3AECE-F96E-4BAC-A2C6-30F493596973}
	EndGlobalSection
EndGlobal
